
Microsoft Visual Studio Solution File, Format Version 12.00
# Visual Studio Version 16
VisualStudioVersion = 16.0.28721.148
MinimumVisualStudioVersion = 10.0.40219.1
Project("{FAE04EC0-301F-11D3-BF4B-00C04F79EFBC}") = "HS-WebAPI", "HS-WebAPI\HS-WebAPI.csproj", "{FFAAC20A-5E28-490D-8995-B45CABFAF7E7}"
EndProject
Global
	GlobalSection(SolutionConfigurationPlatforms) = preSolution
		Debug|Any CPU = Debug|Any CPU
		Release|Any CPU = Release|Any CPU
	EndGlobalSection
	GlobalSection(ProjectConfigurationPlatforms) = postSolution
		{FFAAC20A-5E28-490D-8995-B45CABFAF7E7}.Debug|Any CPU.ActiveCfg = Debug|Any CPU
		{FFAAC20A-5E28-490D-8995-B45CABFAF7E7}.Debug|Any CPU.Build.0 = Debug|Any CPU
		{FFAAC20A-5E28-490D-8995-B45CABFAF7E7}.Release|Any CPU.ActiveCfg = Release|Any CPU
		{FFAAC20A-5E28-490D-8995-B45CABFAF7E7}.Release|Any CPU.Build.0 = Release|Any CPU
	EndGlobalSection
	GlobalSection(SolutionProperties) = preSolution
		HideSolutionNode = FALSE
	EndGlobalSection
	GlobalSection(ExtensibilityGlobals) = postSolution
		SolutionGuid = {81FE6A73-B97F-4AF9-B16E-0E607D76AAD9}
	EndGlobalSection
EndGlobal
